{
  "lockfileVersion": 1,
  "workspaces": {
    "": {
      "name": "books-filter",
      "dependencies": {
        "react": "^19.1.0",
        "react-dom": "^19.1.0",
      },
      "devDependencies": {
        "@happy-dom/global-registrator": "^17.4.7",
        "@rsbuild/core": "^1.3.15",
        "@rsbuild/plugin-react": "^1.3.0",
        "@testing-library/dom": "^10.4.0",
        "@testing-library/react": "^16.3.0",
      },
    },
  },
  "packages": {
    "@babel/code-frame": ["@babel/code-frame@7.27.1", "", { "dependencies": { "@babel/helper-validator-identifier": "^7.27.1", "js-tokens": "^4.0.0", "picocolors": "^1.1.1" } }, "sha512-cjQ7ZlQ0Mv3b47hABuTevyTuYN4i+loJKGeV9flcCgIK37cCXRh+L1bd3iBHlynerhQ7BhCkn2BPbQUL+rGqFg=="],

    "@babel/helper-validator-identifier": ["@babel/helper-validator-identifier@7.27.1", "", {}, "sha512-D2hP9eA+Sqx1kBZgzxZh0y1trbuU+JoDkiEwqhQ36nodYqJwyEIhPSdMNd7lOm/4io72luTPWH20Yda0xOuUow=="],

    "@babel/runtime": ["@babel/runtime@7.27.1", "", {}, "sha512-1x3D2xEk2fRo3PAhwQwu5UubzgiVWSXTBfWpVd2Mx2AzRqJuDJCsgaDVZ7HB5iGzDW1Hl1sWN2mFyKjmR9uAog=="],

    "@happy-dom/global-registrator": ["@happy-dom/global-registrator@17.4.7", "", { "dependencies": { "happy-dom": "^17.4.7" } }, "sha512-BsKWeI115LT0J/lKJ4Kz638oy4zO+nC4TLh3cYPY6BBypttPZg8Fg+EXL2If4KHMSy3Wx+yRiM+68Hr1iGgiWA=="],

    "@module-federation/error-codes": ["@module-federation/error-codes@0.13.1", "", {}, "sha512-azgGDBnFRfqlivHOl96ZjlFUFlukESz2Rnnz/pINiSqoBBNjUE0fcAZP4X6jgrVITuEg90YkruZa7pW9I3m7Uw=="],

    "@module-federation/runtime": ["@module-federation/runtime@0.13.1", "", { "dependencies": { "@module-federation/error-codes": "0.13.1", "@module-federation/runtime-core": "0.13.1", "@module-federation/sdk": "0.13.1" } }, "sha512-ZHnYvBquDm49LiHfv6fgagMo/cVJneijNJzfPh6S0CJrPS2Tay1bnTXzy8VA5sdIrESagYPaskKMGIj7YfnPug=="],

    "@module-federation/runtime-core": ["@module-federation/runtime-core@0.13.1", "", { "dependencies": { "@module-federation/error-codes": "0.13.1", "@module-federation/sdk": "0.13.1" } }, "sha512-TfyKfkSAentKeuvSsAItk8s5tqQSMfIRTPN2e1aoaq/kFhE+7blps719csyWSX5Lg5Es7WXKMsXHy40UgtBtuw=="],

    "@module-federation/runtime-tools": ["@module-federation/runtime-tools@0.13.1", "", { "dependencies": { "@module-federation/runtime": "0.13.1", "@module-federation/webpack-bundler-runtime": "0.13.1" } }, "sha512-GEF1pxqLc80osIMZmE8j9UKZSaTm2hX2lql8tgIH/O9yK4wnF06k6LL5Ah+wJt+oJv6Dj55ri/MoxMP4SXoPNA=="],

    "@module-federation/sdk": ["@module-federation/sdk@0.13.1", "", {}, "sha512-bmf2FGQ0ymZuxYnw9bIUfhV3y6zDhaqgydEjbl4msObKMLGXZqhse2pTIIxBFpIxR1oONKX/y2FAolDCTlWKiw=="],

    "@module-federation/webpack-bundler-runtime": ["@module-federation/webpack-bundler-runtime@0.13.1", "", { "dependencies": { "@module-federation/runtime": "0.13.1", "@module-federation/sdk": "0.13.1" } }, "sha512-QSuSIGa09S8mthbB1L6xERqrz+AzPlHR6D7RwAzssAc+IHf40U6NiTLPzUqp9mmKDhC5Tm0EISU0ZHNeJpnpBQ=="],

    "@rsbuild/core": ["@rsbuild/core@1.3.20", "", { "dependencies": { "@rspack/core": "1.3.10", "@rspack/lite-tapable": "~1.0.1", "@swc/helpers": "^0.5.17", "core-js": "~3.42.0", "jiti": "^2.4.2" }, "bin": { "rsbuild": "bin/rsbuild.js" } }, "sha512-5VxOddgGHaq5x4ONdKOZvLYLj8dhVfCAz+cERNLXrKLzBISouY1A9TJcbZBK4xoH/0DJrDtDzapNA+dI9Jr07Q=="],

    "@rsbuild/plugin-react": ["@rsbuild/plugin-react@1.3.1", "", { "dependencies": { "@rspack/plugin-react-refresh": "~1.4.2", "react-refresh": "^0.17.0" }, "peerDependencies": { "@rsbuild/core": "1.x" } }, "sha512-1PfE0CZDwiSIUFaMFOEprwsHK6oo29zU6DdtFH2D49uLcpUdOUvU1u2p00RCVO1CIgnAjRajLS7dnPdQUwFOuQ=="],

    "@rspack/binding": ["@rspack/binding@1.3.10", "", { "optionalDependencies": { "@rspack/binding-darwin-arm64": "1.3.10", "@rspack/binding-darwin-x64": "1.3.10", "@rspack/binding-linux-arm64-gnu": "1.3.10", "@rspack/binding-linux-arm64-musl": "1.3.10", "@rspack/binding-linux-x64-gnu": "1.3.10", "@rspack/binding-linux-x64-musl": "1.3.10", "@rspack/binding-win32-arm64-msvc": "1.3.10", "@rspack/binding-win32-ia32-msvc": "1.3.10", "@rspack/binding-win32-x64-msvc": "1.3.10" } }, "sha512-9TjO+Ig5U4VqdYWpBsv01n4d2KsgFfdXGIE7zdHXDDbry0avL0J4109ESqSeP9uC+Bi7ZCF53iaxJRvZDflNVQ=="],

    "@rspack/binding-darwin-arm64": ["@rspack/binding-darwin-arm64@1.3.10", "", { "os": "darwin", "cpu": "arm64" }, "sha512-0k/j8OeMSVm5u5Nzckp9Ie7S7hprnvNegebnGr+L6VCyD7sMqm4m+4rLHs99ZklYdH0dZtY2+LrzrtjUZCqfew=="],

    "@rspack/binding-darwin-x64": ["@rspack/binding-darwin-x64@1.3.10", "", { "os": "darwin", "cpu": "x64" }, "sha512-jOyqYW/18cgxw60wK5oqJvM194pbD4H99xaif89McNtLkH3npFvBkXBHVWWuOHGoXNX0LhRpHcI89p9b9THQZQ=="],

    "@rspack/binding-linux-arm64-gnu": ["@rspack/binding-linux-arm64-gnu@1.3.10", "", { "os": "linux", "cpu": "arm64" }, "sha512-zhF5ZNaT/7pxrm8xD3dWG1b4x+FO3LbVeZZG448CjpSo5T57kPD+SaGUU1GcPpn6mexf795x0SVS49aH7/e3Dg=="],

    "@rspack/binding-linux-arm64-musl": ["@rspack/binding-linux-arm64-musl@1.3.10", "", { "os": "linux", "cpu": "arm64" }, "sha512-o3x7IrOSCHK6lcRvdZgsSuOG1CHRQR00xiyLW7kkWmNm7t417LC9xdFWKIK62C5fKXGC5YcTbUkDMnQujespkg=="],

    "@rspack/binding-linux-x64-gnu": ["@rspack/binding-linux-x64-gnu@1.3.10", "", { "os": "linux", "cpu": "x64" }, "sha512-FMSi28VZhXMr15picOHFynULhqZ/FODPxRIS6uNrvPRYcbNuiO1v+VHV6X88mhOMmJ/aVF6OwjUO/o2l1FVa9Q=="],

    "@rspack/binding-linux-x64-musl": ["@rspack/binding-linux-x64-musl@1.3.10", "", { "os": "linux", "cpu": "x64" }, "sha512-e0xbY9SlbRGIFz41v1yc0HfREvmgMnLV1bLmTSPK8wI2suIEJ7iYYqsocHOAOk86qLZcxVrTnL6EjUcNaRTWlg=="],

    "@rspack/binding-win32-arm64-msvc": ["@rspack/binding-win32-arm64-msvc@1.3.10", "", { "os": "win32", "cpu": "arm64" }, "sha512-YHJPvEujWeWjU6EUF6sDpaec9rsOtKVvy16YCtGaxRpDQXqfuxibnp6Ge0ZTTrY+joRiWehRA9OUI+3McqI+QA=="],

    "@rspack/binding-win32-ia32-msvc": ["@rspack/binding-win32-ia32-msvc@1.3.10", "", { "os": "win32", "cpu": "ia32" }, "sha512-2iwSBzVBC89ZSk56MYwgirh3bda2WKmL9I3qPajiTEivChXpX7jp83jAtGE6CPqPYcccYz6nrURTHNUZhqXxVw=="],

    "@rspack/binding-win32-x64-msvc": ["@rspack/binding-win32-x64-msvc@1.3.10", "", { "os": "win32", "cpu": "x64" }, "sha512-ehWJ9Y5Zezj/+uJpiWbt29RZaRIM00f91PWuabM6/sKmHJhdCEE21u5iI3B8DeW/EjJsH8zkI69YYAxJWwGn9A=="],

    "@rspack/core": ["@rspack/core@1.3.10", "", { "dependencies": { "@module-federation/runtime-tools": "0.13.1", "@rspack/binding": "1.3.10", "@rspack/lite-tapable": "1.0.1", "caniuse-lite": "^1.0.30001717" }, "peerDependencies": { "@swc/helpers": ">=0.5.1" }, "optionalPeers": ["@swc/helpers"] }, "sha512-YomvSRGuMUQgCE2rNMdff2q1Z0YpZw/z6m5+PVTMSs9l/q69YKUzpbpSD8YyB5i1DddrRxC2RE34DkrBuwlREQ=="],

    "@rspack/lite-tapable": ["@rspack/lite-tapable@1.0.1", "", {}, "sha512-VynGOEsVw2s8TAlLf/uESfrgfrq2+rcXB1muPJYBWbsm1Oa6r5qVQhjA5ggM6z/coYPrsVMgovl3Ff7Q7OCp1w=="],

    "@rspack/plugin-react-refresh": ["@rspack/plugin-react-refresh@1.4.3", "", { "dependencies": { "error-stack-parser": "^2.1.4", "html-entities": "^2.6.0" }, "peerDependencies": { "react-refresh": ">=0.10.0 <1.0.0", "webpack-hot-middleware": "2.x" }, "optionalPeers": ["webpack-hot-middleware"] }, "sha512-wZx4vWgy5oMEvgyNGd/oUKcdnKaccYWHCRkOqTdAPJC3WcytxhTX+Kady8ERurSBiLyQpoMiU3Iyd+F1Y2Arbw=="],

    "@swc/helpers": ["@swc/helpers@0.5.17", "", { "dependencies": { "tslib": "^2.8.0" } }, "sha512-5IKx/Y13RsYd+sauPb2x+U/xZikHjolzfuDgTAl/Tdf3Q8rslRvC19NKDLgAJQ6wsqADk10ntlv08nPFw/gO/A=="],

    "@testing-library/dom": ["@testing-library/dom@10.4.0", "", { "dependencies": { "@babel/code-frame": "^7.10.4", "@babel/runtime": "^7.12.5", "@types/aria-query": "^5.0.1", "aria-query": "5.3.0", "chalk": "^4.1.0", "dom-accessibility-api": "^0.5.9", "lz-string": "^1.5.0", "pretty-format": "^27.0.2" } }, "sha512-pemlzrSESWbdAloYml3bAJMEfNh1Z7EduzqPKprCH5S341frlpYnUEW0H72dLxa6IsYr+mPno20GiSm+h9dEdQ=="],

    "@testing-library/react": ["@testing-library/react@16.3.0", "", { "dependencies": { "@babel/runtime": "^7.12.5" }, "peerDependencies": { "@testing-library/dom": "^10.0.0", "@types/react": "^18.0.0 || ^19.0.0", "@types/react-dom": "^18.0.0 || ^19.0.0", "react": "^18.0.0 || ^19.0.0", "react-dom": "^18.0.0 || ^19.0.0" }, "optionalPeers": ["@types/react", "@types/react-dom"] }, "sha512-kFSyxiEDwv1WLl2fgsq6pPBbw5aWKrsY2/noi1Id0TK0UParSF62oFQFGHXIyaG4pp2tEub/Zlel+fjjZILDsw=="],

    "@types/aria-query": ["@types/aria-query@5.0.4", "", {}, "sha512-rfT93uj5s0PRL7EzccGMs3brplhcrghnDoV26NqKhCAS1hVo+WdNsPvE/yb6ilfr5hi2MEk6d5EWJTKdxg8jVw=="],

    "ansi-regex": ["ansi-regex@5.0.1", "", {}, "sha512-quJQXlTSUGL2LH9SUXo8VwsY4soanhgo6LNSm84E1LBcE8s3O0wpdiRzyR9z/ZZJMlMWv37qOOb9pdJlMUEKFQ=="],

    "ansi-styles": ["ansi-styles@4.3.0", "", { "dependencies": { "color-convert": "^2.0.1" } }, "sha512-zbB9rCJAT1rbjiVDb2hqKFHNYLxgtk8NURxZ3IZwD3F6NtxbXZQCnnSi1Lkx+IDohdPlFp222wVALIheZJQSEg=="],

    "aria-query": ["aria-query@5.3.0", "", { "dependencies": { "dequal": "^2.0.3" } }, "sha512-b0P0sZPKtyu8HkeRAfCq0IfURZK+SuwMjY1UXGBU27wpAiTwQAIlq56IbIO+ytk/JjS1fMR14ee5WBBfKi5J6A=="],

    "caniuse-lite": ["caniuse-lite@1.0.30001718", "", {}, "sha512-AflseV1ahcSunK53NfEs9gFWgOEmzr0f+kaMFA4xiLZlr9Hzt7HxcSpIFcnNCUkz6R6dWKa54rUz3HUmI3nVcw=="],

    "chalk": ["chalk@4.1.2", "", { "dependencies": { "ansi-styles": "^4.1.0", "supports-color": "^7.1.0" } }, "sha512-oKnbhFyRIXpUuez8iBMmyEa4nbj4IOQyuhc/wy9kY7/WVPcwIO9VA668Pu8RkO7+0G76SLROeyw9CpQ061i4mA=="],

    "color-convert": ["color-convert@2.0.1", "", { "dependencies": { "color-name": "~1.1.4" } }, "sha512-RRECPsj7iu/xb5oKYcsFHSppFNnsj/52OVTRKb4zP5onXwVF3zVmmToNcOfGC+CRDpfK/U584fMg38ZHCaElKQ=="],

    "color-name": ["color-name@1.1.4", "", {}, "sha512-dOy+3AuW3a2wNbZHIuMZpTcgjGuLU/uBL/ubcZF9OXbDo8ff4O8yVp5Bf0efS8uEoYo5q4Fx7dY9OgQGXgAsQA=="],

    "core-js": ["core-js@3.42.0", "", {}, "sha512-Sz4PP4ZA+Rq4II21qkNqOEDTDrCvcANId3xpIgB34NDkWc3UduWj2dqEtN9yZIq8Dk3HyPI33x9sqqU5C8sr0g=="],

    "dequal": ["dequal@2.0.3", "", {}, "sha512-0je+qPKHEMohvfRTCEo3CrPG6cAzAYgmzKyxRiYSSDkS6eGJdyVJm7WaYA5ECaAD9wLB2T4EEeymA5aFVcYXCA=="],

    "dom-accessibility-api": ["dom-accessibility-api@0.5.16", "", {}, "sha512-X7BJ2yElsnOJ30pZF4uIIDfBEVgF4XEBxL9Bxhy6dnrm5hkzqmsWHGTiHqRiITNhMyFLyAiWndIJP7Z1NTteDg=="],

    "error-stack-parser": ["error-stack-parser@2.1.4", "", { "dependencies": { "stackframe": "^1.3.4" } }, "sha512-Sk5V6wVazPhq5MhpO+AUxJn5x7XSXGl1R93Vn7i+zS15KDVxQijejNCrz8340/2bgLBjR9GtEG8ZVKONDjcqGQ=="],

    "happy-dom": ["happy-dom@17.4.7", "", { "dependencies": { "webidl-conversions": "^7.0.0", "whatwg-mimetype": "^3.0.0" } }, "sha512-NZypxadhCiV5NT4A+Y86aQVVKQ05KDmueja3sz008uJfDRwz028wd0aTiJPwo4RQlvlz0fznkEEBBCHVNWc08g=="],

    "has-flag": ["has-flag@4.0.0", "", {}, "sha512-EykJT/Q1KjTWctppgIAgfSO0tKVuZUjhgMr17kqTumMl6Afv3EISleU7qZUzoXDFTAHTDC4NOoG/ZxU3EvlMPQ=="],

    "html-entities": ["html-entities@2.6.0", "", {}, "sha512-kig+rMn/QOVRvr7c86gQ8lWXq+Hkv6CbAH1hLu+RG338StTpE8Z0b44SDVaqVu7HGKf27frdmUYEs9hTUX/cLQ=="],

    "jiti": ["jiti@2.4.2", "", { "bin": { "jiti": "lib/jiti-cli.mjs" } }, "sha512-rg9zJN+G4n2nfJl5MW3BMygZX56zKPNVEYYqq7adpmMh4Jn2QNEwhvQlFy6jPVdcod7txZtKHWnyZiA3a0zP7A=="],

    "js-tokens": ["js-tokens@4.0.0", "", {}, "sha512-RdJUflcE3cUzKiMqQgsCu06FPu9UdIJO0beYbPhHN4k6apgJtifcoCtT9bcxOpYBtpD2kCM6Sbzg4CausW/PKQ=="],

    "lz-string": ["lz-string@1.5.0", "", { "bin": { "lz-string": "bin/bin.js" } }, "sha512-h5bgJWpxJNswbU7qCrV0tIKQCaS3blPDrqKWx+QxzuzL1zGUzij9XCWLrSLsJPu5t+eWA/ycetzYAO5IOMcWAQ=="],

    "picocolors": ["picocolors@1.1.1", "", {}, "sha512-xceH2snhtb5M9liqDsmEw56le376mTZkEX/jEb/RxNFyegNul7eNslCXP9FDj/Lcu0X8KEyMceP2ntpaHrDEVA=="],

    "pretty-format": ["pretty-format@27.5.1", "", { "dependencies": { "ansi-regex": "^5.0.1", "ansi-styles": "^5.0.0", "react-is": "^17.0.1" } }, "sha512-Qb1gy5OrP5+zDf2Bvnzdl3jsTf1qXVMazbvCoKhtKqVs4/YK4ozX4gKQJJVyNe+cajNPn0KoC0MC3FUmaHWEmQ=="],

    "react": ["react@19.1.0", "", {}, "sha512-FS+XFBNvn3GTAWq26joslQgWNoFu08F4kl0J4CgdNKADkdSGXQyTCnKteIAJy96Br6YbpEU1LSzV5dYtjMkMDg=="],

    "react-dom": ["react-dom@19.1.0", "", { "dependencies": { "scheduler": "^0.26.0" }, "peerDependencies": { "react": "^19.1.0" } }, "sha512-Xs1hdnE+DyKgeHJeJznQmYMIBG3TKIHJJT95Q58nHLSrElKlGQqDTR2HQ9fx5CN/Gk6Vh/kupBTDLU11/nDk/g=="],

    "react-is": ["react-is@17.0.2", "", {}, "sha512-w2GsyukL62IJnlaff/nRegPQR94C/XXamvMWmSHRJ4y7Ts/4ocGRmTHvOs8PSE6pB3dWOrD/nueuU5sduBsQ4w=="],

    "react-refresh": ["react-refresh@0.17.0", "", {}, "sha512-z6F7K9bV85EfseRCp2bzrpyQ0Gkw1uLoCel9XBVWPg/TjRj94SkJzUTGfOa4bs7iJvBWtQG0Wq7wnI0syw3EBQ=="],

    "scheduler": ["scheduler@0.26.0", "", {}, "sha512-NlHwttCI/l5gCPR3D1nNXtWABUmBwvZpEQiD4IXSbIDq8BzLIK/7Ir5gTFSGZDUu37K5cMNp0hFtzO38sC7gWA=="],

    "stackframe": ["stackframe@1.3.4", "", {}, "sha512-oeVtt7eWQS+Na6F//S4kJ2K2VbRlS9D43mAlMyVpVWovy9o+jfgH8O9agzANzaiLjclA0oYzUXEM4PurhSUChw=="],

    "supports-color": ["supports-color@7.2.0", "", { "dependencies": { "has-flag": "^4.0.0" } }, "sha512-qpCAvRl9stuOHveKsn7HncJRvv501qIacKzQlO/+Lwxc9+0q2wLyv4Dfvt80/DPn2pqOBsJdDiogXGR9+OvwRw=="],

    "tslib": ["tslib@2.8.1", "", {}, "sha512-oJFu94HQb+KVduSUQL7wnpmqnfmLsOA/nAh6b6EH0wCEoK0/mPeXU6c3wKDV83MkOuHPRHtSXKKU99IBazS/2w=="],

    "webidl-conversions": ["webidl-conversions@7.0.0", "", {}, "sha512-VwddBukDzu71offAQR975unBIGqfKZpM+8ZX6ySk8nYhVoo5CYaZyzt3YBvYtRtO+aoGlqxPg/B87NGVZ/fu6g=="],

    "whatwg-mimetype": ["whatwg-mimetype@3.0.0", "", {}, "sha512-nt+N2dzIutVRxARx1nghPKGv1xHikU7HKdfafKkLNLindmPU/ch3U31NOCGGA/dmPcmb1VlofO0vnKAcsm0o/Q=="],

    "pretty-format/ansi-styles": ["ansi-styles@5.2.0", "", {}, "sha512-Cxwpt2SfTzTtXcfOlzGEee8O+c+MmUgGrNiBcXnuWxuFJHe6a5Hz7qwhwe5OgaSYI0IJvkLqWX1ASG+cJOkEiA=="],
  }
}
